
Microsoft Visual Studio Solution File, Format Version 12.00
# Visual Studio 2013
VisualStudioVersion = 12.0.21005.1
MinimumVisualStudioVersion = 10.0.40219.1
Project("{FAE04EC0-301F-11D3-BF4B-00C04F79EFBC}") = "rHS_Aquiles_ERP", "HS_Aquiles_ERP\rHS_Aquiles_ERP.csproj", "{B4DD85AA-A6E0-44BF-AC7B-6A166B89B8EA}"
EndProject
Project("{FAE04EC0-301F-11D3-BF4B-00C04F79EFBC}") = "HS_Aquiles_ERPTest", "HS_Aquiles_ERPTest\HS_Aquiles_ERPTest.csproj", "{AFB8643C-4CAF-4235-AD22-D5A4940944A7}"
EndProject
Global
	GlobalSection(SolutionConfigurationPlatforms) = preSolution
		Debug|Any CPU = Debug|Any CPU
		Release|Any CPU = Release|Any CPU
	EndGlobalSection
	GlobalSection(ProjectConfigurationPlatforms) = postSolution
		{B4DD85AA-A6E0-44BF-AC7B-6A166B89B8EA}.Debug|Any CPU.ActiveCfg = Debug|Any CPU
		{B4DD85AA-A6E0-44BF-AC7B-6A166B89B8EA}.Debug|Any CPU.Build.0 = Debug|Any CPU
		{B4DD85AA-A6E0-44BF-AC7B-6A166B89B8EA}.Release|Any CPU.ActiveCfg = Release|Any CPU
		{B4DD85AA-A6E0-44BF-AC7B-6A166B89B8EA}.Release|Any CPU.Build.0 = Release|Any CPU
		{AFB8643C-4CAF-4235-AD22-D5A4940944A7}.Debug|Any CPU.ActiveCfg = Debug|Any CPU
		{AFB8643C-4CAF-4235-AD22-D5A4940944A7}.Debug|Any CPU.Build.0 = Debug|Any CPU
		{AFB8643C-4CAF-4235-AD22-D5A4940944A7}.Release|Any CPU.ActiveCfg = Release|Any CPU
		{AFB8643C-4CAF-4235-AD22-D5A4940944A7}.Release|Any CPU.Build.0 = Release|Any CPU
	EndGlobalSection
	GlobalSection(SolutionProperties) = preSolution
		HideSolutionNode = FALSE
	EndGlobalSection
EndGlobal
